
Microsoft Visual Studio Solution File, Format Version 12.00
# Visual Studio Version 17
VisualStudioVersion = 17.0.32014.148
MinimumVisualStudioVersion = 10.0.40219.1
Project("{FAE04EC0-301F-11D3-BF4B-00C04F79EFBC}") = "KeyVaultWebAppDotnet", "KeyVaultWebAppDotnet\KeyVaultWebAppDotnet.csproj", "{6AEEBDA4-B0EE-457C-88B3-3E20BB1007C1}"
EndProject
Global
	GlobalSection(SolutionConfigurationPlatforms) = preSolution
		Debug|Any CPU = Debug|Any CPU
		Release|Any CPU = Release|Any CPU
	EndGlobalSection
	GlobalSection(ProjectConfigurationPlatforms) = postSolution
		{6AEEBDA4-B0EE-457C-88B3-3E20BB1007C1}.Debug|Any CPU.ActiveCfg = Debug|Any CPU
		{6AEEBDA4-B0EE-457C-88B3-3E20BB1007C1}.Debug|Any CPU.Build.0 = Debug|Any CPU
		{6AEEBDA4-B0EE-457C-88B3-3E20BB1007C1}.Release|Any CPU.ActiveCfg = Release|Any CPU
		{6AEEBDA4-B0EE-457C-88B3-3E20BB1007C1}.Release|Any CPU.Build.0 = Release|Any CPU
	EndGlobalSection
	GlobalSection(SolutionProperties) = preSolution
		HideSolutionNode = FALSE
	EndGlobalSection
	GlobalSection(ExtensibilityGlobals) = postSolution
		SolutionGuid = {2445FF3C-32AC-4928-9285-6A173FE9A3D2}
	EndGlobalSection
EndGlobal
